
Microsoft Visual Studio Solution File, Format Version 12.00
# Visual Studio Version 17
VisualStudioVersion = 17.7.34018.315
MinimumVisualStudioVersion = 10.0.40219.1
Project("{FAE04EC0-301F-11D3-BF4B-00C04F79EFBC}") = "HellowWorld", "HellowWorld\HellowWorld.csproj", "{C5FB4138-5388-4D29-ABEF-F468565B2034}"
EndProject
Global
	GlobalSection(SolutionConfigurationPlatforms) = preSolution
		Debug|Any CPU = Debug|Any CPU
		Release|Any CPU = Release|Any CPU
	EndGlobalSection
	GlobalSection(ProjectConfigurationPlatforms) = postSolution
		{C5FB4138-5388-4D29-ABEF-F468565B2034}.Debug|Any CPU.ActiveCfg = Debug|Any CPU
		{C5FB4138-5388-4D29-ABEF-F468565B2034}.Debug|Any CPU.Build.0 = Debug|Any CPU
		{C5FB4138-5388-4D29-ABEF-F468565B2034}.Release|Any CPU.ActiveCfg = Release|Any CPU
		{C5FB4138-5388-4D29-ABEF-F468565B2034}.Release|Any CPU.Build.0 = Release|Any CPU
	EndGlobalSection
	GlobalSection(SolutionProperties) = preSolution
		HideSolutionNode = FALSE
	EndGlobalSection
	GlobalSection(ExtensibilityGlobals) = postSolution
		SolutionGuid = {711FA923-210A-426F-B429-3F8EC7952085}
	EndGlobalSection
EndGlobal
